
Microsoft Visual Studio Solution File, Format Version 12.00
# Visual Studio Version 17
VisualStudioVersion = 17.5.33516.290
MinimumVisualStudioVersion = 10.0.40219.1
Project("{2150E333-8FDC-42A3-9474-1A3956D46DE8}") = "Solution Items", "Solution Items", "{AB49CCD4-4CAE-49D0-8113-2157D1B69172}"
	ProjectSection(SolutionItems) = preProject
		.dockerignore = .dockerignore
		.gitignore = .gitignore
		BuildAllDockerImages.bat = BuildAllDockerImages.bat
		LICENSE = LICENSE
		PushToHubAllDockerImages.bat = PushToHubAllDockerImages.bat
		README.md = README.md
		RemoveAllDockerImages.bat = RemoveAllDockerImages.bat
		RunAllDockerImages.bat = RunAllDockerImages.bat
	EndProjectSection
EndProject
Project("{2150E333-8FDC-42A3-9474-1A3956D46DE8}") = "tests", "tests", "{849484D8-756F-4ABA-96B8-569F2FBD334F}"
	ProjectSection(SolutionItems) = preProject
		tests\Readme.md = tests\Readme.md
	EndProjectSection
EndProject
Project("{2150E333-8FDC-42A3-9474-1A3956D46DE8}") = "src", "src", "{BA8B65C5-89DC-4473-B45F-6D1FBE30D07D}"
EndProject
Project("{2150E333-8FDC-42A3-9474-1A3956D46DE8}") = "Core", "Core", "{A4FF5D0D-BF25-4EFF-B5D2-664CE747C1B6}"
EndProject
Project("{9A19103F-16F7-4668-BE54-9A1E7A4F7556}") = "Core.Models", "src\Core\Models\Core.Models.csproj", "{9EE02B82-ED50-43C9-9ACA-34BBACB6A1F1}"
EndProject
Project("{2150E333-8FDC-42A3-9474-1A3956D46DE8}") = "BillingService", "BillingService", "{5A226E12-450E-4144-90D5-842796AD4C4D}"
EndProject
Project("{9A19103F-16F7-4668-BE54-9A1E7A4F7556}") = "Billing.API", "src\BillingService\API\Billing.API.csproj", "{339FA6B7-3566-4ABA-9D55-6B8516B328FA}"
EndProject
Project("{9A19103F-16F7-4668-BE54-9A1E7A4F7556}") = "Billing.Application", "src\BillingService\BillingApplication\Billing.Application.csproj", "{A26CFAEA-D29C-477A-806D-6017EB1D0391}"
EndProject
Project("{2150E333-8FDC-42A3-9474-1A3956D46DE8}") = "AirlineService", "AirlineService", "{285617B1-47FC-4011-AAF2-4EB28551ECE3}"
	ProjectSection(SolutionItems) = preProject
		src\AirlineService\dbschema.png = src\AirlineService\dbschema.png
		src\AirlineService\Readme.md = src\AirlineService\Readme.md
	EndProjectSection
EndProject
Project("{9A19103F-16F7-4668-BE54-9A1E7A4F7556}") = "Airline.Application", "src\AirlineService\AirlineApplication\Airline.Application.csproj", "{2A287D46-71F2-47B3-92B5-EFE7011765FD}"
EndProject
Project("{9A19103F-16F7-4668-BE54-9A1E7A4F7556}") = "Airline.API", "src\AirlineService\API\Airline.API.csproj", "{D1423230-E024-4EA9-98D4-8CE4B90B2AB2}"
EndProject
Project("{2150E333-8FDC-42A3-9474-1A3956D46DE8}") = "BookingService", "BookingService", "{20956162-EFAE-4638-BDC0-4F704794F75E}"
EndProject
Project("{9A19103F-16F7-4668-BE54-9A1E7A4F7556}") = "Booking.API", "src\BookingService\API\Booking.API.csproj", "{4E4840F4-C3C7-4A1B-BA7D-1CD73D6D4528}"
EndProject
Project("{9A19103F-16F7-4668-BE54-9A1E7A4F7556}") = "Booking.Application", "src\BookingService\BookingApplication\Booking.Application.csproj", "{69B69056-1E6D-48DE-BC01-55BE7BCDD618}"
EndProject
Project("{9A19103F-16F7-4668-BE54-9A1E7A4F7556}") = "Booking.Infrastructure", "src\BookingService\BookingInfrastructure\Booking.Infrastructure.csproj", "{EECCB93A-C3F0-4507-980E-33D64EA03F56}"
EndProject
Project("{9A19103F-16F7-4668-BE54-9A1E7A4F7556}") = "Booking.Models", "src\BookingService\BookingModels\Booking.Models.csproj", "{A63B1C81-03FA-4CB4-831E-95E48CB33E31}"
EndProject
Project("{2150E333-8FDC-42A3-9474-1A3956D46DE8}") = "CarRentService", "CarRentService", "{3FB9C0E3-E9A6-4778-998C-6AC640F2A742}"
EndProject
Project("{9A19103F-16F7-4668-BE54-9A1E7A4F7556}") = "CarRent.API", "src\CarRentService\API\CarRent.API.csproj", "{BED5D1B0-D328-4A34-845F-AA3F70FCACC9}"
EndProject
Project("{9A19103F-16F7-4668-BE54-9A1E7A4F7556}") = "CarRent.Application", "src\CarRentService\CarRentApplication\CarRent.Application.csproj", "{94910398-7860-4B1D-A22F-FE43211E299B}"
EndProject
Project("{9A19103F-16F7-4668-BE54-9A1E7A4F7556}") = "Billing.Models", "src\BillingService\BillingModels\Billing.Models.csproj", "{074AF853-7B15-4E3B-AEC8-B469FBA9F6A9}"
EndProject
Project("{9A19103F-16F7-4668-BE54-9A1E7A4F7556}") = "Airline.Models", "src\AirlineService\AirlineModels\Airline.Models.csproj", "{9B4FBF8A-9583-49CA-8380-07AD59A505C7}"
EndProject
Project("{9A19103F-16F7-4668-BE54-9A1E7A4F7556}") = "CarRent.Models", "src\CarRentService\CarRentModels\CarRent.Models.csproj", "{F2F359DC-4C92-4EB5-900F-F2C763C182CD}"
EndProject
Project("{2150E333-8FDC-42A3-9474-1A3956D46DE8}") = "HotelService", "HotelService", "{1907E952-4ECE-47DE-8917-63ECFA788E67}"
EndProject
Project("{9A19103F-16F7-4668-BE54-9A1E7A4F7556}") = "Hotel.API", "src\HotelService\API\Hotel.API.csproj", "{4E978332-F855-4772-AABD-92AF8807D547}"
EndProject
Project("{9A19103F-16F7-4668-BE54-9A1E7A4F7556}") = "Hotel.Application", "src\HotelService\HotelApplication\Hotel.Application.csproj", "{0D329DE1-4A3B-4988-9EBA-809114218986}"
EndProject
Project("{9A19103F-16F7-4668-BE54-9A1E7A4F7556}") = "Hotel.Models", "src\HotelService\HotelModels\Hotel.Models.csproj", "{C17D645B-D04F-4A3A-92A8-7EECA6236A15}"
EndProject
Project("{2150E333-8FDC-42A3-9474-1A3956D46DE8}") = "Supportal", "Supportal", "{ABD40A50-9F1A-47F3-9E0C-85174252DD71}"
EndProject
Project("{9A19103F-16F7-4668-BE54-9A1E7A4F7556}") = "Supportal", "src\Supportal\Portal\Supportal.csproj", "{D766C821-2C55-45DD-8763-37B78DBF5A45}"
EndProject
Project("{9A19103F-16F7-4668-BE54-9A1E7A4F7556}") = "Supportal.Application", "src\Supportal\SupportalApplication\Supportal.Application.csproj", "{BF38CCDD-6EA6-4AF2-9051-06864F8368D1}"
EndProject
Project("{9A19103F-16F7-4668-BE54-9A1E7A4F7556}") = "Supportal.Models", "src\Supportal\SupportalModels\Supportal.Models.csproj", "{723D7C69-5389-437A-89C3-B43269216E75}"
EndProject
Project("{2150E333-8FDC-42A3-9474-1A3956D46DE8}") = "WebPortal", "WebPortal", "{C7B1DE30-A63D-46C1-B06E-6EEA6789ECDE}"
EndProject
Project("{9A19103F-16F7-4668-BE54-9A1E7A4F7556}") = "WebPortal.Application", "src\WebPortal\WebPortalApplication\WebPortal.Application.csproj", "{A848D6F7-1986-432A-BBD2-D6D02230F260}"
EndProject
Project("{9A19103F-16F7-4668-BE54-9A1E7A4F7556}") = "WebPortal.Models", "src\WebPortal\WebPortalModels\WebPortal.Models.csproj", "{69F8592E-713F-4557-96BF-B7682ED737F5}"
EndProject
Project("{9A19103F-16F7-4668-BE54-9A1E7A4F7556}") = "WebPortal", "src\WebPortal\Portal\WebPortal.csproj", "{C4D8DDE0-9181-456A-B839-C25D8C8E78C6}"
EndProject
Project("{9A19103F-16F7-4668-BE54-9A1E7A4F7556}") = "Core.Common", "src\Core\Common\Core.Common.csproj", "{BD2421C7-277A-48AD-A6C1-DC74E09ACBB7}"
EndProject
Project("{9A19103F-16F7-4668-BE54-9A1E7A4F7556}") = "Hotel.Infrastructure", "src\HotelService\Infrastructure\Hotel.Infrastructure.csproj", "{ACB71473-B056-4C9C-9455-A79E2DB0DB15}"
EndProject
Project("{9A19103F-16F7-4668-BE54-9A1E7A4F7556}") = "CarRent.Infrastructure", "src\CarRentService\Infrastructure\CarRent.Infrastructure.csproj", "{33D53E8A-1EF3-4BB8-BE1B-6A1F71CA6F8F}"
EndProject
Project("{9A19103F-16F7-4668-BE54-9A1E7A4F7556}") = "Airline.Infrastructure", "src\AirlineService\Infrastructure\Airline.Infrastructure.csproj", "{B7EE46AB-E170-49B7-94B1-387455A41FDF}"
EndProject
Project("{2150E333-8FDC-42A3-9474-1A3956D46DE8}") = "Core", "Core", "{E3C5D8C5-1C07-499A-8AA1-A0B9DF2513BC}"
EndProject
Project("{9A19103F-16F7-4668-BE54-9A1E7A4F7556}") = "CommonTests", "tests\Core\CommonTests\CommonTests.csproj", "{550D8F46-8765-4C56-A2B3-F8394981B61C}"
EndProject
Project("{2150E333-8FDC-42A3-9474-1A3956D46DE8}") = "CarRent", "CarRent", "{11140C03-B192-4F48-A728-01CEF9E8FD68}"
EndProject
Project("{9A19103F-16F7-4668-BE54-9A1E7A4F7556}") = "AppplicationTests", "tests\CarRent\AppplicationTests\AppplicationTests.csproj", "{D92964F2-87E3-4276-A60E-D28F025BE8A5}"
EndProject
Project("{2150E333-8FDC-42A3-9474-1A3956D46DE8}") = "Airline", "Airline", "{73C34DBD-AEBF-4296-B891-92D10FFA69DE}"
EndProject
Project("{FAE04EC0-301F-11D3-BF4B-00C04F79EFBC}") = "AirlineApplication", "tests\Airline\AirlineApplication\AirlineApplication.csproj", "{588537D0-4032-453B-8137-8783EFA61A06}"
EndProject
Global
	GlobalSection(SolutionConfigurationPlatforms) = preSolution
		Debug|Any CPU = Debug|Any CPU
		Release|Any CPU = Release|Any CPU
	EndGlobalSection
	GlobalSection(ProjectConfigurationPlatforms) = postSolution
		{9EE02B82-ED50-43C9-9ACA-34BBACB6A1F1}.Debug|Any CPU.ActiveCfg = Debug|Any CPU
		{9EE02B82-ED50-43C9-9ACA-34BBACB6A1F1}.Debug|Any CPU.Build.0 = Debug|Any CPU
		{9EE02B82-ED50-43C9-9ACA-34BBACB6A1F1}.Release|Any CPU.ActiveCfg = Release|Any CPU
		{9EE02B82-ED50-43C9-9ACA-34BBACB6A1F1}.Release|Any CPU.Build.0 = Release|Any CPU
		{339FA6B7-3566-4ABA-9D55-6B8516B328FA}.Debug|Any CPU.ActiveCfg = Debug|Any CPU
		{339FA6B7-3566-4ABA-9D55-6B8516B328FA}.Debug|Any CPU.Build.0 = Debug|Any CPU
		{339FA6B7-3566-4ABA-9D55-6B8516B328FA}.Release|Any CPU.ActiveCfg = Release|Any CPU
		{339FA6B7-3566-4ABA-9D55-6B8516B328FA}.Release|Any CPU.Build.0 = Release|Any CPU
		{A26CFAEA-D29C-477A-806D-6017EB1D0391}.Debug|Any CPU.ActiveCfg = Debug|Any CPU
		{A26CFAEA-D29C-477A-806D-6017EB1D0391}.Debug|Any CPU.Build.0 = Debug|Any CPU
		{A26CFAEA-D29C-477A-806D-6017EB1D0391}.Release|Any CPU.ActiveCfg = Release|Any CPU
		{A26CFAEA-D29C-477A-806D-6017EB1D0391}.Release|Any CPU.Build.0 = Release|Any CPU
		{2A287D46-71F2-47B3-92B5-EFE7011765FD}.Debug|Any CPU.ActiveCfg = Debug|Any CPU
		{2A287D46-71F2-47B3-92B5-EFE7011765FD}.Debug|Any CPU.Build.0 = Debug|Any CPU
		{2A287D46-71F2-47B3-92B5-EFE7011765FD}.Release|Any CPU.ActiveCfg = Release|Any CPU
		{2A287D46-71F2-47B3-92B5-EFE7011765FD}.Release|Any CPU.Build.0 = Release|Any CPU
		{D1423230-E024-4EA9-98D4-8CE4B90B2AB2}.Debug|Any CPU.ActiveCfg = Debug|Any CPU
		{D1423230-E024-4EA9-98D4-8CE4B90B2AB2}.Debug|Any CPU.Build.0 = Debug|Any CPU
		{D1423230-E024-4EA9-98D4-8CE4B90B2AB2}.Release|Any CPU.ActiveCfg = Release|Any CPU
		{D1423230-E024-4EA9-98D4-8CE4B90B2AB2}.Release|Any CPU.Build.0 = Release|Any CPU
		{4E4840F4-C3C7-4A1B-BA7D-1CD73D6D4528}.Debug|Any CPU.ActiveCfg = Debug|Any CPU
		{4E4840F4-C3C7-4A1B-BA7D-1CD73D6D4528}.Debug|Any CPU.Build.0 = Debug|Any CPU
		{4E4840F4-C3C7-4A1B-BA7D-1CD73D6D4528}.Release|Any CPU.ActiveCfg = Release|Any CPU
		{4E4840F4-C3C7-4A1B-BA7D-1CD73D6D4528}.Release|Any CPU.Build.0 = Release|Any CPU
		{69B69056-1E6D-48DE-BC01-55BE7BCDD618}.Debug|Any CPU.ActiveCfg = Debug|Any CPU
		{69B69056-1E6D-48DE-BC01-55BE7BCDD618}.Debug|Any CPU.Build.0 = Debug|Any CPU
		{69B69056-1E6D-48DE-BC01-55BE7BCDD618}.Release|Any CPU.ActiveCfg = Release|Any CPU
		{69B69056-1E6D-48DE-BC01-55BE7BCDD618}.Release|Any CPU.Build.0 = Release|Any CPU
		{EECCB93A-C3F0-4507-980E-33D64EA03F56}.Debug|Any CPU.ActiveCfg = Debug|Any CPU
		{EECCB93A-C3F0-4507-980E-33D64EA03F56}.Debug|Any CPU.Build.0 = Debug|Any CPU
		{EECCB93A-C3F0-4507-980E-33D64EA03F56}.Release|Any CPU.ActiveCfg = Release|Any CPU
		{EECCB93A-C3F0-4507-980E-33D64EA03F56}.Release|Any CPU.Build.0 = Release|Any CPU
		{A63B1C81-03FA-4CB4-831E-95E48CB33E31}.Debug|Any CPU.ActiveCfg = Debug|Any CPU
		{A63B1C81-03FA-4CB4-831E-95E48CB33E31}.Debug|Any CPU.Build.0 = Debug|Any CPU
		{A63B1C81-03FA-4CB4-831E-95E48CB33E31}.Release|Any CPU.ActiveCfg = Release|Any CPU
		{A63B1C81-03FA-4CB4-831E-95E48CB33E31}.Release|Any CPU.Build.0 = Release|Any CPU
		{BED5D1B0-D328-4A34-845F-AA3F70FCACC9}.Debug|Any CPU.ActiveCfg = Debug|Any CPU
		{BED5D1B0-D328-4A34-845F-AA3F70FCACC9}.Debug|Any CPU.Build.0 = Debug|Any CPU
		{BED5D1B0-D328-4A34-845F-AA3F70FCACC9}.Release|Any CPU.ActiveCfg = Release|Any CPU
		{BED5D1B0-D328-4A34-845F-AA3F70FCACC9}.Release|Any CPU.Build.0 = Release|Any CPU
		{94910398-7860-4B1D-A22F-FE43211E299B}.Debug|Any CPU.ActiveCfg = Debug|Any CPU
		{94910398-7860-4B1D-A22F-FE43211E299B}.Debug|Any CPU.Build.0 = Debug|Any CPU
		{94910398-7860-4B1D-A22F-FE43211E299B}.Release|Any CPU.ActiveCfg = Release|Any CPU
		{94910398-7860-4B1D-A22F-FE43211E299B}.Release|Any CPU.Build.0 = Release|Any CPU
		{074AF853-7B15-4E3B-AEC8-B469FBA9F6A9}.Debug|Any CPU.ActiveCfg = Debug|Any CPU
		{074AF853-7B15-4E3B-AEC8-B469FBA9F6A9}.Debug|Any CPU.Build.0 = Debug|Any CPU
		{074AF853-7B15-4E3B-AEC8-B469FBA9F6A9}.Release|Any CPU.ActiveCfg = Release|Any CPU
		{074AF853-7B15-4E3B-AEC8-B469FBA9F6A9}.Release|Any CPU.Build.0 = Release|Any CPU
		{9B4FBF8A-9583-49CA-8380-07AD59A505C7}.Debug|Any CPU.ActiveCfg = Debug|Any CPU
		{9B4FBF8A-9583-49CA-8380-07AD59A505C7}.Debug|Any CPU.Build.0 = Debug|Any CPU
		{9B4FBF8A-9583-49CA-8380-07AD59A505C7}.Release|Any CPU.ActiveCfg = Release|Any CPU
		{9B4FBF8A-9583-49CA-8380-07AD59A505C7}.Release|Any CPU.Build.0 = Release|Any CPU
		{F2F359DC-4C92-4EB5-900F-F2C763C182CD}.Debug|Any CPU.ActiveCfg = Debug|Any CPU
		{F2F359DC-4C92-4EB5-900F-F2C763C182CD}.Debug|Any CPU.Build.0 = Debug|Any CPU
		{F2F359DC-4C92-4EB5-900F-F2C763C182CD}.Release|Any CPU.ActiveCfg = Release|Any CPU
		{F2F359DC-4C92-4EB5-900F-F2C763C182CD}.Release|Any CPU.Build.0 = Release|Any CPU
		{4E978332-F855-4772-AABD-92AF8807D547}.Debug|Any CPU.ActiveCfg = Debug|Any CPU
		{4E978332-F855-4772-AABD-92AF8807D547}.Debug|Any CPU.Build.0 = Debug|Any CPU
		{4E978332-F855-4772-AABD-92AF8807D547}.Release|Any CPU.ActiveCfg = Release|Any CPU
		{4E978332-F855-4772-AABD-92AF8807D547}.Release|Any CPU.Build.0 = Release|Any CPU
		{0D329DE1-4A3B-4988-9EBA-809114218986}.Debug|Any CPU.ActiveCfg = Debug|Any CPU
		{0D329DE1-4A3B-4988-9EBA-809114218986}.Debug|Any CPU.Build.0 = Debug|Any CPU
		{0D329DE1-4A3B-4988-9EBA-809114218986}.Release|Any CPU.ActiveCfg = Release|Any CPU
		{0D329DE1-4A3B-4988-9EBA-809114218986}.Release|Any CPU.Build.0 = Release|Any CPU
		{C17D645B-D04F-4A3A-92A8-7EECA6236A15}.Debug|Any CPU.ActiveCfg = Debug|Any CPU
		{C17D645B-D04F-4A3A-92A8-7EECA6236A15}.Debug|Any CPU.Build.0 = Debug|Any CPU
		{C17D645B-D04F-4A3A-92A8-7EECA6236A15}.Release|Any CPU.ActiveCfg = Release|Any CPU
		{C17D645B-D04F-4A3A-92A8-7EECA6236A15}.Release|Any CPU.Build.0 = Release|Any CPU
		{D766C821-2C55-45DD-8763-37B78DBF5A45}.Debug|Any CPU.ActiveCfg = Debug|Any CPU
		{D766C821-2C55-45DD-8763-37B78DBF5A45}.Debug|Any CPU.Build.0 = Debug|Any CPU
		{D766C821-2C55-45DD-8763-37B78DBF5A45}.Release|Any CPU.ActiveCfg = Release|Any CPU
		{D766C821-2C55-45DD-8763-37B78DBF5A45}.Release|Any CPU.Build.0 = Release|Any CPU
		{BF38CCDD-6EA6-4AF2-9051-06864F8368D1}.Debug|Any CPU.ActiveCfg = Debug|Any CPU
		{BF38CCDD-6EA6-4AF2-9051-06864F8368D1}.Debug|Any CPU.Build.0 = Debug|Any CPU
		{BF38CCDD-6EA6-4AF2-9051-06864F8368D1}.Release|Any CPU.ActiveCfg = Release|Any CPU
		{BF38CCDD-6EA6-4AF2-9051-06864F8368D1}.Release|Any CPU.Build.0 = Release|Any CPU
		{723D7C69-5389-437A-89C3-B43269216E75}.Debug|Any CPU.ActiveCfg = Debug|Any CPU
		{723D7C69-5389-437A-89C3-B43269216E75}.Debug|Any CPU.Build.0 = Debug|Any CPU
		{723D7C69-5389-437A-89C3-B43269216E75}.Release|Any CPU.ActiveCfg = Release|Any CPU
		{723D7C69-5389-437A-89C3-B43269216E75}.Release|Any CPU.Build.0 = Release|Any CPU
		{A848D6F7-1986-432A-BBD2-D6D02230F260}.Debug|Any CPU.ActiveCfg = Debug|Any CPU
		{A848D6F7-1986-432A-BBD2-D6D02230F260}.Debug|Any CPU.Build.0 = Debug|Any CPU
		{A848D6F7-1986-432A-BBD2-D6D02230F260}.Release|Any CPU.ActiveCfg = Release|Any CPU
		{A848D6F7-1986-432A-BBD2-D6D02230F260}.Release|Any CPU.Build.0 = Release|Any CPU
		{69F8592E-713F-4557-96BF-B7682ED737F5}.Debug|Any CPU.ActiveCfg = Debug|Any CPU
		{69F8592E-713F-4557-96BF-B7682ED737F5}.Debug|Any CPU.Build.0 = Debug|Any CPU
		{69F8592E-713F-4557-96BF-B7682ED737F5}.Release|Any CPU.ActiveCfg = Release|Any CPU
		{69F8592E-713F-4557-96BF-B7682ED737F5}.Release|Any CPU.Build.0 = Release|Any CPU
		{C4D8DDE0-9181-456A-B839-C25D8C8E78C6}.Debug|Any CPU.ActiveCfg = Debug|Any CPU
		{C4D8DDE0-9181-456A-B839-C25D8C8E78C6}.Debug|Any CPU.Build.0 = Debug|Any CPU
		{C4D8DDE0-9181-456A-B839-C25D8C8E78C6}.Release|Any CPU.ActiveCfg = Release|Any CPU
		{C4D8DDE0-9181-456A-B839-C25D8C8E78C6}.Release|Any CPU.Build.0 = Release|Any CPU
		{BD2421C7-277A-48AD-A6C1-DC74E09ACBB7}.Debug|Any CPU.ActiveCfg = Debug|Any CPU
		{BD2421C7-277A-48AD-A6C1-DC74E09ACBB7}.Debug|Any CPU.Build.0 = Debug|Any CPU
		{BD2421C7-277A-48AD-A6C1-DC74E09ACBB7}.Release|Any CPU.ActiveCfg = Release|Any CPU
		{BD2421C7-277A-48AD-A6C1-DC74E09ACBB7}.Release|Any CPU.Build.0 = Release|Any CPU
		{ACB71473-B056-4C9C-9455-A79E2DB0DB15}.Debug|Any CPU.ActiveCfg = Debug|Any CPU
		{ACB71473-B056-4C9C-9455-A79E2DB0DB15}.Debug|Any CPU.Build.0 = Debug|Any CPU
		{ACB71473-B056-4C9C-9455-A79E2DB0DB15}.Release|Any CPU.ActiveCfg = Release|Any CPU
		{ACB71473-B056-4C9C-9455-A79E2DB0DB15}.Release|Any CPU.Build.0 = Release|Any CPU
		{33D53E8A-1EF3-4BB8-BE1B-6A1F71CA6F8F}.Debug|Any CPU.ActiveCfg = Debug|Any CPU
		{33D53E8A-1EF3-4BB8-BE1B-6A1F71CA6F8F}.Debug|Any CPU.Build.0 = Debug|Any CPU
		{33D53E8A-1EF3-4BB8-BE1B-6A1F71CA6F8F}.Release|Any CPU.ActiveCfg = Release|Any CPU
		{33D53E8A-1EF3-4BB8-BE1B-6A1F71CA6F8F}.Release|Any CPU.Build.0 = Release|Any CPU
		{B7EE46AB-E170-49B7-94B1-387455A41FDF}.Debug|Any CPU.ActiveCfg = Debug|Any CPU
		{B7EE46AB-E170-49B7-94B1-387455A41FDF}.Debug|Any CPU.Build.0 = Debug|Any CPU
		{B7EE46AB-E170-49B7-94B1-387455A41FDF}.Release|Any CPU.ActiveCfg = Release|Any CPU
		{B7EE46AB-E170-49B7-94B1-387455A41FDF}.Release|Any CPU.Build.0 = Release|Any CPU
		{550D8F46-8765-4C56-A2B3-F8394981B61C}.Debug|Any CPU.ActiveCfg = Debug|Any CPU
		{550D8F46-8765-4C56-A2B3-F8394981B61C}.Debug|Any CPU.Build.0 = Debug|Any CPU
		{550D8F46-8765-4C56-A2B3-F8394981B61C}.Release|Any CPU.ActiveCfg = Release|Any CPU
		{550D8F46-8765-4C56-A2B3-F8394981B61C}.Release|Any CPU.Build.0 = Release|Any CPU
		{D92964F2-87E3-4276-A60E-D28F025BE8A5}.Debug|Any CPU.ActiveCfg = Debug|Any CPU
		{D92964F2-87E3-4276-A60E-D28F025BE8A5}.Debug|Any CPU.Build.0 = Debug|Any CPU
		{D92964F2-87E3-4276-A60E-D28F025BE8A5}.Release|Any CPU.ActiveCfg = Release|Any CPU
		{D92964F2-87E3-4276-A60E-D28F025BE8A5}.Release|Any CPU.Build.0 = Release|Any CPU
		{588537D0-4032-453B-8137-8783EFA61A06}.Debug|Any CPU.ActiveCfg = Debug|Any CPU
		{588537D0-4032-453B-8137-8783EFA61A06}.Debug|Any CPU.Build.0 = Debug|Any CPU
		{588537D0-4032-453B-8137-8783EFA61A06}.Release|Any CPU.ActiveCfg = Release|Any CPU
		{588537D0-4032-453B-8137-8783EFA61A06}.Release|Any CPU.Build.0 = Release|Any CPU
	EndGlobalSection
	GlobalSection(SolutionProperties) = preSolution
		HideSolutionNode = FALSE
	EndGlobalSection
	GlobalSection(NestedProjects) = preSolution
		{A4FF5D0D-BF25-4EFF-B5D2-664CE747C1B6} = {BA8B65C5-89DC-4473-B45F-6D1FBE30D07D}
		{9EE02B82-ED50-43C9-9ACA-34BBACB6A1F1} = {A4FF5D0D-BF25-4EFF-B5D2-664CE747C1B6}
		{5A226E12-450E-4144-90D5-842796AD4C4D} = {BA8B65C5-89DC-4473-B45F-6D1FBE30D07D}
		{339FA6B7-3566-4ABA-9D55-6B8516B328FA} = {5A226E12-450E-4144-90D5-842796AD4C4D}
		{A26CFAEA-D29C-477A-806D-6017EB1D0391} = {5A226E12-450E-4144-90D5-842796AD4C4D}
		{285617B1-47FC-4011-AAF2-4EB28551ECE3} = {BA8B65C5-89DC-4473-B45F-6D1FBE30D07D}
		{2A287D46-71F2-47B3-92B5-EFE7011765FD} = {285617B1-47FC-4011-AAF2-4EB28551ECE3}
		{D1423230-E024-4EA9-98D4-8CE4B90B2AB2} = {285617B1-47FC-4011-AAF2-4EB28551ECE3}
		{20956162-EFAE-4638-BDC0-4F704794F75E} = {BA8B65C5-89DC-4473-B45F-6D1FBE30D07D}
		{4E4840F4-C3C7-4A1B-BA7D-1CD73D6D4528} = {20956162-EFAE-4638-BDC0-4F704794F75E}
		{69B69056-1E6D-48DE-BC01-55BE7BCDD618} = {20956162-EFAE-4638-BDC0-4F704794F75E}
		{EECCB93A-C3F0-4507-980E-33D64EA03F56} = {20956162-EFAE-4638-BDC0-4F704794F75E}
		{A63B1C81-03FA-4CB4-831E-95E48CB33E31} = {20956162-EFAE-4638-BDC0-4F704794F75E}
		{3FB9C0E3-E9A6-4778-998C-6AC640F2A742} = {BA8B65C5-89DC-4473-B45F-6D1FBE30D07D}
		{BED5D1B0-D328-4A34-845F-AA3F70FCACC9} = {3FB9C0E3-E9A6-4778-998C-6AC640F2A742}
		{94910398-7860-4B1D-A22F-FE43211E299B} = {3FB9C0E3-E9A6-4778-998C-6AC640F2A742}
		{074AF853-7B15-4E3B-AEC8-B469FBA9F6A9} = {5A226E12-450E-4144-90D5-842796AD4C4D}
		{9B4FBF8A-9583-49CA-8380-07AD59A505C7} = {285617B1-47FC-4011-AAF2-4EB28551ECE3}
		{F2F359DC-4C92-4EB5-900F-F2C763C182CD} = {3FB9C0E3-E9A6-4778-998C-6AC640F2A742}
		{1907E952-4ECE-47DE-8917-63ECFA788E67} = {BA8B65C5-89DC-4473-B45F-6D1FBE30D07D}
		{4E978332-F855-4772-AABD-92AF8807D547} = {1907E952-4ECE-47DE-8917-63ECFA788E67}
		{0D329DE1-4A3B-4988-9EBA-809114218986} = {1907E952-4ECE-47DE-8917-63ECFA788E67}
		{C17D645B-D04F-4A3A-92A8-7EECA6236A15} = {1907E952-4ECE-47DE-8917-63ECFA788E67}
		{ABD40A50-9F1A-47F3-9E0C-85174252DD71} = {BA8B65C5-89DC-4473-B45F-6D1FBE30D07D}
		{D766C821-2C55-45DD-8763-37B78DBF5A45} = {ABD40A50-9F1A-47F3-9E0C-85174252DD71}
		{BF38CCDD-6EA6-4AF2-9051-06864F8368D1} = {ABD40A50-9F1A-47F3-9E0C-85174252DD71}
		{723D7C69-5389-437A-89C3-B43269216E75} = {ABD40A50-9F1A-47F3-9E0C-85174252DD71}
		{C7B1DE30-A63D-46C1-B06E-6EEA6789ECDE} = {BA8B65C5-89DC-4473-B45F-6D1FBE30D07D}
		{A848D6F7-1986-432A-BBD2-D6D02230F260} = {C7B1DE30-A63D-46C1-B06E-6EEA6789ECDE}
		{69F8592E-713F-4557-96BF-B7682ED737F5} = {C7B1DE30-A63D-46C1-B06E-6EEA6789ECDE}
		{C4D8DDE0-9181-456A-B839-C25D8C8E78C6} = {C7B1DE30-A63D-46C1-B06E-6EEA6789ECDE}
		{BD2421C7-277A-48AD-A6C1-DC74E09ACBB7} = {A4FF5D0D-BF25-4EFF-B5D2-664CE747C1B6}
		{ACB71473-B056-4C9C-9455-A79E2DB0DB15} = {1907E952-4ECE-47DE-8917-63ECFA788E67}
		{33D53E8A-1EF3-4BB8-BE1B-6A1F71CA6F8F} = {3FB9C0E3-E9A6-4778-998C-6AC640F2A742}
		{B7EE46AB-E170-49B7-94B1-387455A41FDF} = {285617B1-47FC-4011-AAF2-4EB28551ECE3}
		{E3C5D8C5-1C07-499A-8AA1-A0B9DF2513BC} = {849484D8-756F-4ABA-96B8-569F2FBD334F}
		{550D8F46-8765-4C56-A2B3-F8394981B61C} = {E3C5D8C5-1C07-499A-8AA1-A0B9DF2513BC}
		{11140C03-B192-4F48-A728-01CEF9E8FD68} = {849484D8-756F-4ABA-96B8-569F2FBD334F}
		{D92964F2-87E3-4276-A60E-D28F025BE8A5} = {11140C03-B192-4F48-A728-01CEF9E8FD68}
		{73C34DBD-AEBF-4296-B891-92D10FFA69DE} = {849484D8-756F-4ABA-96B8-569F2FBD334F}
		{588537D0-4032-453B-8137-8783EFA61A06} = {73C34DBD-AEBF-4296-B891-92D10FFA69DE}
	EndGlobalSection
	GlobalSection(ExtensibilityGlobals) = postSolution
		SolutionGuid = {76885609-D090-4027-AB63-FCA26D0235E0}
	EndGlobalSection
EndGlobal
